
Microsoft Visual Studio Solution File, Format Version 12.00
# Visual Studio 15
Project("{FAE04EC0-301F-11D3-BF4B-00C04F79EFBC}") = "Homework_5.Android", "Homework_5.Android\Homework_5.Android.csproj", "{33B324E5-7422-49F4-BCC8-FC455D670514}"
EndProject
Project("{FAE04EC0-301F-11D3-BF4B-00C04F79EFBC}") = "Homework_5.iOS", "Homework_5.iOS\Homework_5.iOS.csproj", "{A7308529-4613-448E-8C89-046DD0F2372D}"
EndProject
Project("{FAE04EC0-301F-11D3-BF4B-00C04F79EFBC}") = "Homework_5", "Homework_5\Homework_5.csproj", "{AF0FA4D4-76C6-4F77-9C11-B81AC4FA8746}"
EndProject
Global
	GlobalSection(SolutionConfigurationPlatforms) = preSolution
		Debug|Any CPU = Debug|Any CPU
		Release|Any CPU = Release|Any CPU
		Debug|iPhoneSimulator = Debug|iPhoneSimulator
		Release|iPhoneSimulator = Release|iPhoneSimulator
		Debug|iPhone = Debug|iPhone
		Release|iPhone = Release|iPhone
	EndGlobalSection
	GlobalSection(ProjectConfigurationPlatforms) = postSolution
		{33B324E5-7422-49F4-BCC8-FC455D670514}.Debug|Any CPU.ActiveCfg = Debug|Any CPU
		{33B324E5-7422-49F4-BCC8-FC455D670514}.Debug|Any CPU.Build.0 = Debug|Any CPU
		{33B324E5-7422-49F4-BCC8-FC455D670514}.Release|Any CPU.ActiveCfg = Release|Any CPU
		{33B324E5-7422-49F4-BCC8-FC455D670514}.Release|Any CPU.Build.0 = Release|Any CPU
		{33B324E5-7422-49F4-BCC8-FC455D670514}.Debug|iPhoneSimulator.ActiveCfg = Debug|Any CPU
		{33B324E5-7422-49F4-BCC8-FC455D670514}.Debug|iPhoneSimulator.Build.0 = Debug|Any CPU
		{33B324E5-7422-49F4-BCC8-FC455D670514}.Release|iPhoneSimulator.ActiveCfg = Release|Any CPU
		{33B324E5-7422-49F4-BCC8-FC455D670514}.Release|iPhoneSimulator.Build.0 = Release|Any CPU
		{33B324E5-7422-49F4-BCC8-FC455D670514}.Debug|iPhone.ActiveCfg = Debug|Any CPU
		{33B324E5-7422-49F4-BCC8-FC455D670514}.Debug|iPhone.Build.0 = Debug|Any CPU
		{33B324E5-7422-49F4-BCC8-FC455D670514}.Release|iPhone.ActiveCfg = Release|Any CPU
		{33B324E5-7422-49F4-BCC8-FC455D670514}.Release|iPhone.Build.0 = Release|Any CPU
		{A7308529-4613-448E-8C89-046DD0F2372D}.Debug|Any CPU.ActiveCfg = Debug|iPhoneSimulator
		{A7308529-4613-448E-8C89-046DD0F2372D}.Debug|Any CPU.Build.0 = Debug|iPhoneSimulator
		{A7308529-4613-448E-8C89-046DD0F2372D}.Release|Any CPU.ActiveCfg = Release|iPhoneSimulator
		{A7308529-4613-448E-8C89-046DD0F2372D}.Release|Any CPU.Build.0 = Release|iPhoneSimulator
		{A7308529-4613-448E-8C89-046DD0F2372D}.Debug|iPhoneSimulator.ActiveCfg = Debug|iPhoneSimulator
		{A7308529-4613-448E-8C89-046DD0F2372D}.Debug|iPhoneSimulator.Build.0 = Debug|iPhoneSimulator
		{A7308529-4613-448E-8C89-046DD0F2372D}.Release|iPhoneSimulator.ActiveCfg = Release|iPhoneSimulator
		{A7308529-4613-448E-8C89-046DD0F2372D}.Release|iPhoneSimulator.Build.0 = Release|iPhoneSimulator
		{A7308529-4613-448E-8C89-046DD0F2372D}.Debug|iPhone.ActiveCfg = Debug|iPhone
		{A7308529-4613-448E-8C89-046DD0F2372D}.Debug|iPhone.Build.0 = Debug|iPhone
		{A7308529-4613-448E-8C89-046DD0F2372D}.Release|iPhone.ActiveCfg = Release|iPhone
		{A7308529-4613-448E-8C89-046DD0F2372D}.Release|iPhone.Build.0 = Release|iPhone
		{AF0FA4D4-76C6-4F77-9C11-B81AC4FA8746}.Debug|Any CPU.ActiveCfg = Debug|Any CPU
		{AF0FA4D4-76C6-4F77-9C11-B81AC4FA8746}.Debug|Any CPU.Build.0 = Debug|Any CPU
		{AF0FA4D4-76C6-4F77-9C11-B81AC4FA8746}.Release|Any CPU.ActiveCfg = Release|Any CPU
		{AF0FA4D4-76C6-4F77-9C11-B81AC4FA8746}.Release|Any CPU.Build.0 = Release|Any CPU
		{AF0FA4D4-76C6-4F77-9C11-B81AC4FA8746}.Debug|iPhoneSimulator.ActiveCfg = Debug|Any CPU
		{AF0FA4D4-76C6-4F77-9C11-B81AC4FA8746}.Debug|iPhoneSimulator.Build.0 = Debug|Any CPU
		{AF0FA4D4-76C6-4F77-9C11-B81AC4FA8746}.Release|iPhoneSimulator.ActiveCfg = Release|Any CPU
		{AF0FA4D4-76C6-4F77-9C11-B81AC4FA8746}.Release|iPhoneSimulator.Build.0 = Release|Any CPU
		{AF0FA4D4-76C6-4F77-9C11-B81AC4FA8746}.Debug|iPhone.ActiveCfg = Debug|Any CPU
		{AF0FA4D4-76C6-4F77-9C11-B81AC4FA8746}.Debug|iPhone.Build.0 = Debug|Any CPU
		{AF0FA4D4-76C6-4F77-9C11-B81AC4FA8746}.Release|iPhone.ActiveCfg = Release|Any CPU
		{AF0FA4D4-76C6-4F77-9C11-B81AC4FA8746}.Release|iPhone.Build.0 = Release|Any CPU
	EndGlobalSection
EndGlobal
